
Microsoft Visual Studio Solution File, Format Version 12.00
# Visual Studio 2013
VisualStudioVersion = 12.0.31101.0
MinimumVisualStudioVersion = 10.0.40219.1
Project("{FAE04EC0-301F-11D3-BF4B-00C04F79EFBC}") = "Web", "Web\Web.csproj", "{E4EE6029-83A5-4ACB-B0A2-D34D589FF761}"
EndProject
Project("{A0786B88-2ADB-4C21-ABE8-AA2D79766269}") = "PHPService", "PHPService\PHPService.phpproj", "{685E9D30-8AD8-4A36-BCD8-1FB38961D420}"
EndProject
Global
	GlobalSection(TeamFoundationVersionControl) = preSolution
		SccNumberOfProjects = 3
		SccEnterpriseProvider = {4CA58AB2-18FA-4F8D-95D4-32DDF27D184C}
		SccTeamFoundationServer = https://adamze.visualstudio.com/defaultcollection
		SccLocalPath0 = .
		SccProjectUniqueName1 = Web\\Web.csproj
		SccProjectName1 = Web
		SccLocalPath1 = Web
		SccProjectUniqueName2 = PHPService\\PHPService.phpproj
		SccProjectName2 = PHPService
		SccLocalPath2 = PHPService
	EndGlobalSection
	GlobalSection(SolutionConfigurationPlatforms) = preSolution
		Debug|Any CPU = Debug|Any CPU
		Release|Any CPU = Release|Any CPU
	EndGlobalSection
	GlobalSection(ProjectConfigurationPlatforms) = postSolution
		{E4EE6029-83A5-4ACB-B0A2-D34D589FF761}.Debug|Any CPU.ActiveCfg = Debug|Any CPU
		{E4EE6029-83A5-4ACB-B0A2-D34D589FF761}.Debug|Any CPU.Build.0 = Debug|Any CPU
		{E4EE6029-83A5-4ACB-B0A2-D34D589FF761}.Release|Any CPU.ActiveCfg = Release|Any CPU
		{E4EE6029-83A5-4ACB-B0A2-D34D589FF761}.Release|Any CPU.Build.0 = Release|Any CPU
		{685E9D30-8AD8-4A36-BCD8-1FB38961D420}.Debug|Any CPU.ActiveCfg = Debug|Any CPU
		{685E9D30-8AD8-4A36-BCD8-1FB38961D420}.Debug|Any CPU.Build.0 = Debug|Any CPU
		{685E9D30-8AD8-4A36-BCD8-1FB38961D420}.Release|Any CPU.ActiveCfg = Release|Any CPU
		{685E9D30-8AD8-4A36-BCD8-1FB38961D420}.Release|Any CPU.Build.0 = Release|Any CPU
	EndGlobalSection
	GlobalSection(SolutionProperties) = preSolution
		HideSolutionNode = FALSE
	EndGlobalSection
EndGlobal
